
Microsoft Visual Studio Solution File, Format Version 12.00
# Visual Studio Version 16
VisualStudioVersion = 16.0.32510.428
MinimumVisualStudioVersion = 10.0.40219.1
Project("{9A19103F-16F7-4668-BE54-9A1E7A4F7556}") = "helloapp", "helloapp.csproj", "{17E64997-EC24-4159-B46B-A8A92196DFBF}"
EndProject
Project("{2150E333-8FDC-42A3-9474-1A3956D46DE8}") = "test", "test", "{7A1A1B7A-862C-486A-9A41-1468D994CF98}"
EndProject
Project("{FAE04EC0-301F-11D3-BF4B-00C04F79EFBC}") = "MountainTest", "..\MountainTest\MountainTest.csproj", "{000A457D-B5EC-464C-A6C8-C34377B97C14}"
EndProject
Project("{FAE04EC0-301F-11D3-BF4B-00C04F79EFBC}") = "MountainApplication", "..\MountainApplication\MountainApplication.csproj", "{515E84A6-84AC-4D89-9957-BA240997A55A}"
EndProject
Global
	GlobalSection(SolutionConfigurationPlatforms) = preSolution
		Debug|Any CPU = Debug|Any CPU
		Release|Any CPU = Release|Any CPU
	EndGlobalSection
	GlobalSection(ProjectConfigurationPlatforms) = postSolution
		{17E64997-EC24-4159-B46B-A8A92196DFBF}.Debug|Any CPU.ActiveCfg = Debug|Any CPU
		{17E64997-EC24-4159-B46B-A8A92196DFBF}.Debug|Any CPU.Build.0 = Debug|Any CPU
		{17E64997-EC24-4159-B46B-A8A92196DFBF}.Release|Any CPU.ActiveCfg = Release|Any CPU
		{17E64997-EC24-4159-B46B-A8A92196DFBF}.Release|Any CPU.Build.0 = Release|Any CPU
		{000A457D-B5EC-464C-A6C8-C34377B97C14}.Debug|Any CPU.ActiveCfg = Debug|Any CPU
		{000A457D-B5EC-464C-A6C8-C34377B97C14}.Debug|Any CPU.Build.0 = Debug|Any CPU
		{000A457D-B5EC-464C-A6C8-C34377B97C14}.Release|Any CPU.ActiveCfg = Release|Any CPU
		{000A457D-B5EC-464C-A6C8-C34377B97C14}.Release|Any CPU.Build.0 = Release|Any CPU
		{515E84A6-84AC-4D89-9957-BA240997A55A}.Debug|Any CPU.ActiveCfg = Debug|Any CPU
		{515E84A6-84AC-4D89-9957-BA240997A55A}.Debug|Any CPU.Build.0 = Debug|Any CPU
		{515E84A6-84AC-4D89-9957-BA240997A55A}.Release|Any CPU.ActiveCfg = Release|Any CPU
		{515E84A6-84AC-4D89-9957-BA240997A55A}.Release|Any CPU.Build.0 = Release|Any CPU
	EndGlobalSection
	GlobalSection(SolutionProperties) = preSolution
		HideSolutionNode = FALSE
	EndGlobalSection
	GlobalSection(NestedProjects) = preSolution
		{000A457D-B5EC-464C-A6C8-C34377B97C14} = {7A1A1B7A-862C-486A-9A41-1468D994CF98}
	EndGlobalSection
	GlobalSection(ExtensibilityGlobals) = postSolution
		SolutionGuid = {019E1534-DEEB-4A54-A012-1AAB8C8BE98E}
	EndGlobalSection
EndGlobal
